
Microsoft Visual Studio Solution File, Format Version 12.00
# Visual Studio Version 17
VisualStudioVersion = 17.14.36623.8
MinimumVisualStudioVersion = 10.0.40219.1
Project("{FAE04EC0-301F-11D3-BF4B-00C04F79EFBC}") = "MyTestServerExtension", "MyTestServerExtension\MyTestServerExtension.csproj", "{B3950858-920E-48F1-9B53-AC4D3504B2E2}"
EndProject
Project("{54A90642-561A-4BB1-A94E-469ADEE60C69}") = "TemplateWebExtension", "TemplateWebExtension\TemplateWebExtension.esproj", "{628A1674-E6F8-5266-3621-17231749514B}"
EndProject
Project("{FAE04EC0-301F-11D3-BF4B-00C04F79EFBC}") = "IntroductionToSDK.App", "TemplateDVE\IntroductionToSDK.App\IntroductionToSDK.App.csproj", "{D475720A-0BB2-A528-1394-5E52DB40F113}"
EndProject
Project("{FAE04EC0-301F-11D3-BF4B-00C04F79EFBC}") = "MyTestPlatformExtension", "MyTestPlatformExtension\MyTestPlatformExtension.csproj", "{DEAFB101-35B5-4C81-B255-31752F833223}"
EndProject
Project("{FAE04EC0-301F-11D3-BF4B-00C04F79EFBC}") = "DBTest", "DBTest\DBTest.csproj", "{1A4AA29F-1BC1-4CFB-BF87-6E1A31A843E7}"
EndProject
Global
	GlobalSection(SolutionConfigurationPlatforms) = preSolution
		Debug|Any CPU = Debug|Any CPU
		Release|Any CPU = Release|Any CPU
	EndGlobalSection
	GlobalSection(ProjectConfigurationPlatforms) = postSolution
		{B3950858-920E-48F1-9B53-AC4D3504B2E2}.Debug|Any CPU.ActiveCfg = Debug|Any CPU
		{B3950858-920E-48F1-9B53-AC4D3504B2E2}.Debug|Any CPU.Build.0 = Debug|Any CPU
		{B3950858-920E-48F1-9B53-AC4D3504B2E2}.Release|Any CPU.ActiveCfg = Release|Any CPU
		{B3950858-920E-48F1-9B53-AC4D3504B2E2}.Release|Any CPU.Build.0 = Release|Any CPU
		{628A1674-E6F8-5266-3621-17231749514B}.Debug|Any CPU.ActiveCfg = Debug|Any CPU
		{628A1674-E6F8-5266-3621-17231749514B}.Debug|Any CPU.Build.0 = Debug|Any CPU
		{628A1674-E6F8-5266-3621-17231749514B}.Debug|Any CPU.Deploy.0 = Debug|Any CPU
		{628A1674-E6F8-5266-3621-17231749514B}.Release|Any CPU.ActiveCfg = Release|Any CPU
		{628A1674-E6F8-5266-3621-17231749514B}.Release|Any CPU.Build.0 = Release|Any CPU
		{628A1674-E6F8-5266-3621-17231749514B}.Release|Any CPU.Deploy.0 = Release|Any CPU
		{D475720A-0BB2-A528-1394-5E52DB40F113}.Debug|Any CPU.ActiveCfg = Debug|Any CPU
		{D475720A-0BB2-A528-1394-5E52DB40F113}.Debug|Any CPU.Build.0 = Debug|Any CPU
		{D475720A-0BB2-A528-1394-5E52DB40F113}.Release|Any CPU.ActiveCfg = Release|Any CPU
		{D475720A-0BB2-A528-1394-5E52DB40F113}.Release|Any CPU.Build.0 = Release|Any CPU
		{DEAFB101-35B5-4C81-B255-31752F833223}.Debug|Any CPU.ActiveCfg = Debug|Any CPU
		{DEAFB101-35B5-4C81-B255-31752F833223}.Debug|Any CPU.Build.0 = Debug|Any CPU
		{DEAFB101-35B5-4C81-B255-31752F833223}.Release|Any CPU.ActiveCfg = Release|Any CPU
		{DEAFB101-35B5-4C81-B255-31752F833223}.Release|Any CPU.Build.0 = Release|Any CPU
		{1A4AA29F-1BC1-4CFB-BF87-6E1A31A843E7}.Debug|Any CPU.ActiveCfg = Debug|Any CPU
		{1A4AA29F-1BC1-4CFB-BF87-6E1A31A843E7}.Debug|Any CPU.Build.0 = Debug|Any CPU
		{1A4AA29F-1BC1-4CFB-BF87-6E1A31A843E7}.Release|Any CPU.ActiveCfg = Release|Any CPU
		{1A4AA29F-1BC1-4CFB-BF87-6E1A31A843E7}.Release|Any CPU.Build.0 = Release|Any CPU
	EndGlobalSection
	GlobalSection(SolutionProperties) = preSolution
		HideSolutionNode = FALSE
	EndGlobalSection
	GlobalSection(ExtensibilityGlobals) = postSolution
		SolutionGuid = {87E79853-DF22-4F9D-B44A-272EA0778FD0}
	EndGlobalSection
EndGlobal
